// !$*UTF8*$!
{
	archiveVersion = 1;
	classes = {
	};
	objectVersion = 50;
	objects = {

/* Begin PBXBuildFile section */
		793FA21125C0553C007A50E2 /* Grid.swift in Sources */ = {isa = PBXBuildFile; fileRef = 793FA20F25C0553C007A50E2 /* Grid.swift */; };
		793FA21225C0553C007A50E2 /* GridLayout.swift in Sources */ = {isa = PBXBuildFile; fileRef = 793FA21025C0553C007A50E2 /* GridLayout.swift */; };
		793FA21525C05A34007A50E2 /* EmojiArtDocumentStore.swift in Sources */ = {isa = PBXBuildFile; fileRef = 793FA21425C05A34007A50E2 /* EmojiArtDocumentStore.swift */; };
		793FA21925C05D56007A50E2 /* EmojiArtDocumentChooser.swift in Sources */ = {isa = PBXBuildFile; fileRef = 793FA21825C05D55007A50E2 /* EmojiArtDocumentChooser.swift */; };
		793FA21D25C068C3007A50E2 /* EditableText.swift in Sources */ = {isa = PBXBuildFile; fileRef = 793FA21C25C068C3007A50E2 /* EditableText.swift */; };
		7949239825BBE01000C74963 /* EmojiArtApp.swift in Sources */ = {isa = PBXBuildFile; fileRef = 7949239725BBE01000C74963 /* EmojiArtApp.swift */; };
		7949239A25BBE01000C74963 /* EmojiArtDocumentView.swift in Sources */ = {isa = PBXBuildFile; fileRef = 7949239925BBE01000C74963 /* EmojiArtDocumentView.swift */; };
		7949239C25BBE01300C74963 /* Assets.xcassets in Resources */ = {isa = PBXBuildFile; fileRef = 7949239B25BBE01300C74963 /* Assets.xcassets */; };
		7949239F25BBE01300C74963 /* Preview Assets.xcassets in Resources */ = {isa = PBXBuildFile; fileRef = 7949239E25BBE01300C74963 /* Preview Assets.xcassets */; };
		794923A825BBE03100C74963 /* EmojiArtDocument.swift in Sources */ = {isa = PBXBuildFile; fileRef = 794923A725BBE03100C74963 /* EmojiArtDocument.swift */; };
		794923AD25BBE49800C74963 /* EmojiArt.swift in Sources */ = {isa = PBXBuildFile; fileRef = 794923AC25BBE49800C74963 /* EmojiArt.swift */; };
		794923B425BBE80D00C74963 /* EmojiArtExtensions.swift in Sources */ = {isa = PBXBuildFile; fileRef = 794923B325BBE80D00C74963 /* EmojiArtExtensions.swift */; };
		794923B925BD328100C74963 /* OptionalImage.swift in Sources */ = {isa = PBXBuildFile; fileRef = 794923B825BD328100C74963 /* OptionalImage.swift */; };
		794923BC25BD359900C74963 /* AnimatableSystemFontModifier.swift in Sources */ = {isa = PBXBuildFile; fileRef = 794923BB25BD359900C74963 /* AnimatableSystemFontModifier.swift */; };
		797CC5D025C3F2A20072EE2C /* ImagePicker.swift in Sources */ = {isa = PBXBuildFile; fileRef = 797CC5CF25C3F2A20072EE2C /* ImagePicker.swift */; };
		79EEC3B625BE752800A9CE0E /* Spinning.swift in Sources */ = {isa = PBXBuildFile; fileRef = 79EEC3B525BE752800A9CE0E /* Spinning.swift */; };
		79EEC3B925BE80B500A9CE0E /* PaletteChooser.swift in Sources */ = {isa = PBXBuildFile; fileRef = 79EEC3B825BE80B500A9CE0E /* PaletteChooser.swift */; };
		79EEC3BD25BE82B600A9CE0E /* EmojiArtDocument+Palette.swift in Sources */ = {isa = PBXBuildFile; fileRef = 79EEC3BC25BE82B500A9CE0E /* EmojiArtDocument+Palette.swift */; };
/* End PBXBuildFile section */

/* Begin PBXFileReference section */
		793FA20F25C0553C007A50E2 /* Grid.swift */ = {isa = PBXFileReference; fileEncoding = 4; lastKnownFileType = sourcecode.swift; path = Grid.swift; sourceTree = "<group>"; };
		793FA21025C0553C007A50E2 /* GridLayout.swift */ = {isa = PBXFileReference; fileEncoding = 4; lastKnownFileType = sourcecode.swift; path = GridLayout.swift; sourceTree = "<group>"; };
		793FA21425C05A34007A50E2 /* EmojiArtDocumentStore.swift */ = {isa = PBXFileReference; fileEncoding = 4; lastKnownFileType = sourcecode.swift; path = EmojiArtDocumentStore.swift; sourceTree = "<group>"; };
		793FA21825C05D55007A50E2 /* EmojiArtDocumentChooser.swift */ = {isa = PBXFileReference; lastKnownFileType = sourcecode.swift; path = EmojiArtDocumentChooser.swift; sourceTree = "<group>"; };
		793FA21C25C068C3007A50E2 /* EditableText.swift */ = {isa = PBXFileReference; fileEncoding = 4; lastKnownFileType = sourcecode.swift; path = EditableText.swift; sourceTree = "<group>"; };
		7949239425BBE01000C74963 /* EmojiArt.app */ = {isa = PBXFileReference; explicitFileType = wrapper.application; includeInIndex = 0; path = EmojiArt.app; sourceTree = BUILT_PRODUCTS_DIR; };
		7949239725BBE01000C74963 /* EmojiArtApp.swift */ = {isa = PBXFileReference; lastKnownFileType = sourcecode.swift; path = EmojiArtApp.swift; sourceTree = "<group>"; };
		7949239925BBE01000C74963 /* EmojiArtDocumentView.swift */ = {isa = PBXFileReference; lastKnownFileType = sourcecode.swift; path = EmojiArtDocumentView.swift; sourceTree = "<group>"; };
		7949239B25BBE01300C74963 /* Assets.xcassets */ = {isa = PBXFileReference; lastKnownFileType = folder.assetcatalog; path = Assets.xcassets; sourceTree = "<group>"; };
		7949239E25BBE01300C74963 /* Preview Assets.xcassets */ = {isa = PBXFileReference; lastKnownFileType = folder.assetcatalog; path = "Preview Assets.xcassets"; sourceTree = "<group>"; };
		794923A025BBE01300C74963 /* Info.plist */ = {isa = PBXFileReference; lastKnownFileType = text.plist.xml; path = Info.plist; sourceTree = "<group>"; };
		794923A725BBE03100C74963 /* EmojiArtDocument.swift */ = {isa = PBXFileReference; lastKnownFileType = sourcecode.swift; path = EmojiArtDocument.swift; sourceTree = "<group>"; };
		794923AC25BBE49800C74963 /* EmojiArt.swift */ = {isa = PBXFileReference; lastKnownFileType = sourcecode.swift; path = EmojiArt.swift; sourceTree = "<group>"; };
		794923B325BBE80D00C74963 /* EmojiArtExtensions.swift */ = {isa = PBXFileReference; fileEncoding = 4; lastKnownFileType = sourcecode.swift; path = EmojiArtExtensions.swift; sourceTree = "<group>"; };
		794923B825BD328100C74963 /* OptionalImage.swift */ = {isa = PBXFileReference; lastKnownFileType = sourcecode.swift; path = OptionalImage.swift; sourceTree = "<group>"; };
		794923BB25BD359900C74963 /* AnimatableSystemFontModifier.swift */ = {isa = PBXFileReference; fileEncoding = 4; lastKnownFileType = sourcecode.swift; path = AnimatableSystemFontModifier.swift; sourceTree = "<group>"; };
		797CC5CF25C3F2A20072EE2C /* ImagePicker.swift */ = {isa = PBXFileReference; lastKnownFileType = sourcecode.swift; path = ImagePicker.swift; sourceTree = "<group>"; };
		79EEC3B525BE752800A9CE0E /* Spinning.swift */ = {isa = PBXFileReference; lastKnownFileType = sourcecode.swift; path = Spinning.swift; sourceTree = "<group>"; };
		79EEC3B825BE80B500A9CE0E /* PaletteChooser.swift */ = {isa = PBXFileReference; lastKnownFileType = sourcecode.swift; path = PaletteChooser.swift; sourceTree = "<group>"; };
		79EEC3BC25BE82B500A9CE0E /* EmojiArtDocument+Palette.swift */ = {isa = PBXFileReference; fileEncoding = 4; lastKnownFileType = sourcecode.swift; path = "EmojiArtDocument+Palette.swift"; sourceTree = "<group>"; };
/* End PBXFileReference section */

/* Begin PBXFrameworksBuildPhase section */
		7949239125BBE01000C74963 /* Frameworks */ = {
			isa = PBXFrameworksBuildPhase;
			buildActionMask = 2147483647;
			files = (
			);
			runOnlyForDeploymentPostprocessing = 0;
		};
/* End PBXFrameworksBuildPhase section */

/* Begin PBXGroup section */
		7949238B25BBE01000C74963 = {
			isa = PBXGroup;
			children = (
				7949239625BBE01000C74963 /* EmojiArt */,
				7949239525BBE01000C74963 /* Products */,
			);
			sourceTree = "<group>";
		};
		7949239525BBE01000C74963 /* Products */ = {
			isa = PBXGroup;
			children = (
				7949239425BBE01000C74963 /* EmojiArt.app */,
			);
			name = Products;
			sourceTree = "<group>";
		};
		7949239625BBE01000C74963 /* EmojiArt */ = {
			isa = PBXGroup;
			children = (
				7949239725BBE01000C74963 /* EmojiArtApp.swift */,
				794923AC25BBE49800C74963 /* EmojiArt.swift */,
				794923A725BBE03100C74963 /* EmojiArtDocument.swift */,
				793FA21425C05A34007A50E2 /* EmojiArtDocumentStore.swift */,
				793FA21825C05D55007A50E2 /* EmojiArtDocumentChooser.swift */,
				7949239925BBE01000C74963 /* EmojiArtDocumentView.swift */,
				797CC5CF25C3F2A20072EE2C /* ImagePicker.swift */,
				79EEC3B825BE80B500A9CE0E /* PaletteChooser.swift */,
				7949239B25BBE01300C74963 /* Assets.xcassets */,
				794923A025BBE01300C74963 /* Info.plist */,
				794923B325BBE80D00C74963 /* EmojiArtExtensions.swift */,
				79EEC3BC25BE82B500A9CE0E /* EmojiArtDocument+Palette.swift */,
				793FA20F25C0553C007A50E2 /* Grid.swift */,
				793FA21025C0553C007A50E2 /* GridLayout.swift */,
				793FA21C25C068C3007A50E2 /* EditableText.swift */,
				7949239D25BBE01300C74963 /* Preview Content */,
				794923B825BD328100C74963 /* OptionalImage.swift */,
				794923BB25BD359900C74963 /* AnimatableSystemFontModifier.swift */,
				79EEC3B525BE752800A9CE0E /* Spinning.swift */,
			);
			path = EmojiArt;
			sourceTree = "<group>";
		};
		7949239D25BBE01300C74963 /* Preview Content */ = {
			isa = PBXGroup;
			children = (
				7949239E25BBE01300C74963 /* Preview Assets.xcassets */,
			);
			path = "Preview Content";
			sourceTree = "<group>";
		};
/* End PBXGroup section */

/* Begin PBXNativeTarget section */
		7949239325BBE01000C74963 /* EmojiArt */ = {
			isa = PBXNativeTarget;
			buildConfigurationList = 794923A325BBE01300C74963 /* Build configuration list for PBXNativeTarget "EmojiArt" */;
			buildPhases = (
				7949239025BBE01000C74963 /* Sources */,
				7949239125BBE01000C74963 /* Frameworks */,
				7949239225BBE01000C74963 /* Resources */,
			);
			buildRules = (
			);
			dependencies = (
			);
			name = EmojiArt;
			productName = EmojiArt;
			productReference = 7949239425BBE01000C74963 /* EmojiArt.app */;
			productType = "com.apple.product-type.application";
		};
/* End PBXNativeTarget section */

/* Begin PBXProject section */
		7949238C25BBE01000C74963 /* Project object */ = {
			isa = PBXProject;
			attributes = {
				LastSwiftUpdateCheck = 1230;
				LastUpgradeCheck = 1230;
				TargetAttributes = {
					7949239325BBE01000C74963 = {
						CreatedOnToolsVersion = 12.3;
					};
				};
			};
			buildConfigurationList = 7949238F25BBE01000C74963 /* Build configuration list for PBXProject "EmojiArt" */;
			compatibilityVersion = "Xcode 9.3";
			developmentRegion = en;
			hasScannedForEncodings = 0;
			knownRegions = (
				en,
				Base,
			);
			mainGroup = 7949238B25BBE01000C74963;
			productRefGroup = 7949239525BBE01000C74963 /* Products */;
			projectDirPath = "";
			projectRoot = "";
			targets = (
				7949239325BBE01000C74963 /* EmojiArt */,
			);
		};
/* End PBXProject section */

/* Begin PBXResourcesBuildPhase section */
		7949239225BBE01000C74963 /* Resources */ = {
			isa = PBXResourcesBuildPhase;
			buildActionMask = 2147483647;
			files = (
				7949239F25BBE01300C74963 /* Preview Assets.xcassets in Resources */,
				7949239C25BBE01300C74963 /* Assets.xcassets in Resources */,
			);
			runOnlyForDeploymentPostprocessing = 0;
		};
/* End PBXResourcesBuildPhase section */

/* Begin PBXSourcesBuildPhase section */
		7949239025BBE01000C74963 /* Sources */ = {
			isa = PBXSourcesBuildPhase;
			buildActionMask = 2147483647;
			files = (
				794923BC25BD359900C74963 /* AnimatableSystemFontModifier.swift in Sources */,
				794923AD25BBE49800C74963 /* EmojiArt.swift in Sources */,
				794923B425BBE80D00C74963 /* EmojiArtExtensions.swift in Sources */,
				793FA21225C0553C007A50E2 /* GridLayout.swift in Sources */,
				79EEC3BD25BE82B600A9CE0E /* EmojiArtDocument+Palette.swift in Sources */,
				793FA21125C0553C007A50E2 /* Grid.swift in Sources */,
				7949239A25BBE01000C74963 /* EmojiArtDocumentView.swift in Sources */,
				794923B925BD328100C74963 /* OptionalImage.swift in Sources */,
				794923A825BBE03100C74963 /* EmojiArtDocument.swift in Sources */,
				793FA21925C05D56007A50E2 /* EmojiArtDocumentChooser.swift in Sources */,
				793FA21D25C068C3007A50E2 /* EditableText.swift in Sources */,
				793FA21525C05A34007A50E2 /* EmojiArtDocumentStore.swift in Sources */,
				7949239825BBE01000C74963 /* EmojiArtApp.swift in Sources */,
				797CC5D025C3F2A20072EE2C /* ImagePicker.swift in Sources */,
				79EEC3B625BE752800A9CE0E /* Spinning.swift in Sources */,
				79EEC3B925BE80B500A9CE0E /* PaletteChooser.swift in Sources */,
			);
			runOnlyForDeploymentPostprocessing = 0;
		};
/* End PBXSourcesBuildPhase section */

/* Begin XCBuildConfiguration section */
		794923A125BBE01300C74963 /* Debug */ = {
			isa = XCBuildConfiguration;
			buildSettings = {
				ALWAYS_SEARCH_USER_PATHS = NO;
				CLANG_ANALYZER_NONNULL = YES;
				CLANG_ANALYZER_NUMBER_OBJECT_CONVERSION = YES_AGGRESSIVE;
				CLANG_CXX_LANGUAGE_STANDARD = "gnu++14";
				CLANG_CXX_LIBRARY = "libc++";
				CLANG_ENABLE_MODULES = YES;
				CLANG_ENABLE_OBJC_ARC = YES;
				CLANG_ENABLE_OBJC_WEAK = YES;
				CLANG_WARN_BLOCK_CAPTURE_AUTORELEASING = YES;
				CLANG_WARN_BOOL_CONVERSION = YES;
				CLANG_WARN_COMMA = YES;
				CLANG_WARN_CONSTANT_CONVERSION = YES;
				CLANG_WARN_DEPRECATED_OBJC_IMPLEMENTATIONS = YES;
				CLANG_WARN_DIRECT_OBJC_ISA_USAGE = YES_ERROR;
				CLANG_WARN_DOCUMENTATION_COMMENTS = YES;
				CLANG_WARN_EMPTY_BODY = YES;
				CLANG_WARN_ENUM_CONVERSION = YES;
				CLANG_WARN_INFINITE_RECURSION = YES;
				CLANG_WARN_INT_CONVERSION = YES;
				CLANG_WARN_NON_LITERAL_NULL_CONVERSION = YES;
				CLANG_WARN_OBJC_IMPLICIT_RETAIN_SELF = YES;
				CLANG_WARN_OBJC_LITERAL_CONVERSION = YES;
				CLANG_WARN_OBJC_ROOT_CLASS = YES_ERROR;
				CLANG_WARN_QUOTED_INCLUDE_IN_FRAMEWORK_HEADER = YES;
				CLANG_WARN_RANGE_LOOP_ANALYSIS = YES;
				CLANG_WARN_STRICT_PROTOTYPES = YES;
				CLANG_WARN_SUSPICIOUS_MOVE = YES;
				CLANG_WARN_UNGUARDED_AVAILABILITY = YES_AGGRESSIVE;
				CLANG_WARN_UNREACHABLE_CODE = YES;
				CLANG_WARN__DUPLICATE_METHOD_MATCH = YES;
				COPY_PHASE_STRIP = NO;
				DEBUG_INFORMATION_FORMAT = dwarf;
				ENABLE_STRICT_OBJC_MSGSEND = YES;
				ENABLE_TESTABILITY = YES;
				GCC_C_LANGUAGE_STANDARD = gnu11;
				GCC_DYNAMIC_NO_PIC = NO;
				GCC_NO_COMMON_BLOCKS = YES;
				GCC_OPTIMIZATION_LEVEL = 0;
				GCC_PREPROCESSOR_DEFINITIONS = (
					"DEBUG=1",
					"$(inherited)",
				);
				GCC_WARN_64_TO_32_BIT_CONVERSION = YES;
				GCC_WARN_ABOUT_RETURN_TYPE = YES_ERROR;
				GCC_WARN_UNDECLARED_SELECTOR = YES;
				GCC_WARN_UNINITIALIZED_AUTOS = YES_AGGRESSIVE;
				GCC_WARN_UNUSED_FUNCTION = YES;
				GCC_WARN_UNUSED_VARIABLE = YES;
				IPHONEOS_DEPLOYMENT_TARGET = 14.3;
				MTL_ENABLE_DEBUG_INFO = INCLUDE_SOURCE;
				MTL_FAST_MATH = YES;
				ONLY_ACTIVE_ARCH = YES;
				SDKROOT = iphoneos;
				SWIFT_ACTIVE_COMPILATION_CONDITIONS = DEBUG;
				SWIFT_OPTIMIZATION_LEVEL = "-Onone";
			};
			name = Debug;
		};
		794923A225BBE01300C74963 /* Release */ = {
			isa = XCBuildConfiguration;
			buildSettings = {
				ALWAYS_SEARCH_USER_PATHS = NO;
				CLANG_ANALYZER_NONNULL = YES;
				CLANG_ANALYZER_NUMBER_OBJECT_CONVERSION = YES_AGGRESSIVE;
				CLANG_CXX_LANGUAGE_STANDARD = "gnu++14";
				CLANG_CXX_LIBRARY = "libc++";
				CLANG_ENABLE_MODULES = YES;
				CLANG_ENABLE_OBJC_ARC = YES;
				CLANG_ENABLE_OBJC_WEAK = YES;
				CLANG_WARN_BLOCK_CAPTURE_AUTORELEASING = YES;
				CLANG_WARN_BOOL_CONVERSION = YES;
				CLANG_WARN_COMMA = YES;
				CLANG_WARN_CONSTANT_CONVERSION = YES;
				CLANG_WARN_DEPRECATED_OBJC_IMPLEMENTATIONS = YES;
				CLANG_WARN_DIRECT_OBJC_ISA_USAGE = YES_ERROR;
				CLANG_WARN_DOCUMENTATION_COMMENTS = YES;
				CLANG_WARN_EMPTY_BODY = YES;
				CLANG_WARN_ENUM_CONVERSION = YES;
				CLANG_WARN_INFINITE_RECURSION = YES;
				CLANG_WARN_INT_CONVERSION = YES;
				CLANG_WARN_NON_LITERAL_NULL_CONVERSION = YES;
				CLANG_WARN_OBJC_IMPLICIT_RETAIN_SELF = YES;
				CLANG_WARN_OBJC_LITERAL_CONVERSION = YES;
				CLANG_WARN_OBJC_ROOT_CLASS = YES_ERROR;
				CLANG_WARN_QUOTED_INCLUDE_IN_FRAMEWORK_HEADER = YES;
				CLANG_WARN_RANGE_LOOP_ANALYSIS = YES;
				CLANG_WARN_STRICT_PROTOTYPES = YES;
				CLANG_WARN_SUSPICIOUS_MOVE = YES;
				CLANG_WARN_UNGUARDED_AVAILABILITY = YES_AGGRESSIVE;
				CLANG_WARN_UNREACHABLE_CODE = YES;
				CLANG_WARN__DUPLICATE_METHOD_MATCH = YES;
				COPY_PHASE_STRIP = NO;
				DEBUG_INFORMATION_FORMAT = "dwarf-with-dsym";
				ENABLE_NS_ASSERTIONS = NO;
				ENABLE_STRICT_OBJC_MSGSEND = YES;
				GCC_C_LANGUAGE_STANDARD = gnu11;
				GCC_NO_COMMON_BLOCKS = YES;
				GCC_WARN_64_TO_32_BIT_CONVERSION = YES;
				GCC_WARN_ABOUT_RETURN_TYPE = YES_ERROR;
				GCC_WARN_UNDECLARED_SELECTOR = YES;
				GCC_WARN_UNINITIALIZED_AUTOS = YES_AGGRESSIVE;
				GCC_WARN_UNUSED_FUNCTION = YES;
				GCC_WARN_UNUSED_VARIABLE = YES;
				IPHONEOS_DEPLOYMENT_TARGET = 14.3;
				MTL_ENABLE_DEBUG_INFO = NO;
				MTL_FAST_MATH = YES;
				SDKROOT = iphoneos;
				SWIFT_COMPILATION_MODE = wholemodule;
				SWIFT_OPTIMIZATION_LEVEL = "-O";
				VALIDATE_PRODUCT = YES;
			};
			name = Release;
		};
		794923A425BBE01300C74963 /* Debug */ = {
			isa = XCBuildConfiguration;
			buildSettings = {
				ASSETCATALOG_COMPILER_APPICON_NAME = AppIcon;
				ASSETCATALOG_COMPILER_GLOBAL_ACCENT_COLOR_NAME = AccentColor;
				CODE_SIGN_STYLE = Automatic;
				DEVELOPMENT_ASSET_PATHS = "\"EmojiArt/Preview Content\"";
				DEVELOPMENT_TEAM = 2K54FR396P;
				ENABLE_PREVIEWS = YES;
				INFOPLIST_FILE = EmojiArt/Info.plist;
				IPHONEOS_DEPLOYMENT_TARGET = 14.0;
				LD_RUNPATH_SEARCH_PATHS = (
					"$(inherited)",
					"@executable_path/Frameworks",
				);
				PRODUCT_BUNDLE_IDENTIFIER = cc.eumc.EmojiArt;
				PRODUCT_NAME = "$(TARGET_NAME)";
				SWIFT_VERSION = 5.0;
				TARGETED_DEVICE_FAMILY = "1,2";
			};
			name = Debug;
		};
		794923A525BBE01300C74963 /* Release */ = {
			isa = XCBuildConfiguration;
			buildSettings = {
				ASSETCATALOG_COMPILER_APPICON_NAME = AppIcon;
				ASSETCATALOG_COMPILER_GLOBAL_ACCENT_COLOR_NAME = AccentColor;
				CODE_SIGN_STYLE = Automatic;
				DEVELOPMENT_ASSET_PATHS = "\"EmojiArt/Preview Content\"";
				DEVELOPMENT_TEAM = 2K54FR396P;
				ENABLE_PREVIEWS = YES;
				INFOPLIST_FILE = EmojiArt/Info.plist;
				IPHONEOS_DEPLOYMENT_TARGET = 14.0;
				LD_RUNPATH_SEARCH_PATHS = (
					"$(inherited)",
					"@executable_path/Frameworks",
				);
				PRODUCT_BUNDLE_IDENTIFIER = cc.eumc.EmojiArt;
				PRODUCT_NAME = "$(TARGET_NAME)";
				SWIFT_VERSION = 5.0;
				TARGETED_DEVICE_FAMILY = "1,2";
			};
			name = Release;
		};
/* End XCBuildConfiguration section */

/* Begin XCConfigurationList section */
		7949238F25BBE01000C74963 /* Build configuration list for PBXProject "EmojiArt" */ = {
			isa = XCConfigurationList;
			buildConfigurations = (
				794923A125BBE01300C74963 /* Debug */,
				794923A225BBE01300C74963 /* Release */,
			);
			defaultConfigurationIsVisible = 0;
			defaultConfigurationName = Release;
		};
		794923A325BBE01300C74963 /* Build configuration list for PBXNativeTarget "EmojiArt" */ = {
			isa = XCConfigurationList;
			buildConfigurations = (
				794923A425BBE01300C74963 /* Debug */,
				794923A525BBE01300C74963 /* Release */,
			);
			defaultConfigurationIsVisible = 0;
			defaultConfigurationName = Release;
		};
/* End XCConfigurationList section */
	};
	rootObject = 7949238C25BBE01000C74963 /* Project object */;
}
